
Microsoft Visual Studio Solution File, Format Version 12.00
# Visual Studio Version 17
VisualStudioVersion = 17.9.34622.214
MinimumVisualStudioVersion = 10.0.40219.1
Project("{9A19103F-16F7-4668-BE54-9A1E7A4F7556}") = "api", "api.csproj", "{C6A3CB6A-008F-477C-B610-92DDF4B1A9A3}"
EndProject
Project("{2150E333-8FDC-42A3-9474-1A3956D46DE8}") = "Models", "Models", "{9547F00A-D3F5-45A8-AE89-46854B5B4688}"
	ProjectSection(SolutionItems) = preProject
		Class1.cs = Class1.cs
	EndProjectSection
EndProject
Project("{2150E333-8FDC-42A3-9474-1A3956D46DE8}") = "Services", "Services", "{660F1502-E95C-4F5C-8F75-BAD23901EB57}"
	ProjectSection(SolutionItems) = preProject
		CompetitorPriceService.cs = CompetitorPriceService.cs
		RoomPricingService.cs = RoomPricingService.cs
	EndProjectSection
EndProject
Project("{2150E333-8FDC-42A3-9474-1A3956D46DE8}") = "Controllers", "Controllers", "{B4ED05FD-CAB8-45AB-8944-B6FACCA4D88C}"
	ProjectSection(SolutionItems) = preProject
		RoomController1.cs = RoomController1.cs
	EndProjectSection
EndProject
Global
	GlobalSection(SolutionConfigurationPlatforms) = preSolution
		Debug|Any CPU = Debug|Any CPU
		Release|Any CPU = Release|Any CPU
	EndGlobalSection
	GlobalSection(ProjectConfigurationPlatforms) = postSolution
		{C6A3CB6A-008F-477C-B610-92DDF4B1A9A3}.Debug|Any CPU.ActiveCfg = Debug|Any CPU
		{C6A3CB6A-008F-477C-B610-92DDF4B1A9A3}.Debug|Any CPU.Build.0 = Debug|Any CPU
		{C6A3CB6A-008F-477C-B610-92DDF4B1A9A3}.Release|Any CPU.ActiveCfg = Release|Any CPU
		{C6A3CB6A-008F-477C-B610-92DDF4B1A9A3}.Release|Any CPU.Build.0 = Release|Any CPU
	EndGlobalSection
	GlobalSection(SolutionProperties) = preSolution
		HideSolutionNode = FALSE
	EndGlobalSection
	GlobalSection(ExtensibilityGlobals) = postSolution
		SolutionGuid = {7D39AE12-2CED-4E71-B85D-3E6D549786D1}
	EndGlobalSection
EndGlobal
